// !$*UTF8*$!
{
	archiveVersion = 1;
	classes = {
	};
	objectVersion = 50;
	objects = {

/* Begin PBXBuildFile section */
		44228B38FA6C4DE3843AF983 /* libPods-Adonis_20190213_MVPUITests.a in Frameworks */ = {isa = PBXBuildFile; fileRef = D3652FCF75379FB00284B23A /* libPods-Adonis_20190213_MVPUITests.a */; };
		769A5EF0B2A050D325E6A787 /* libPods-Adonis_20190213_MVPTests.a in Frameworks */ = {isa = PBXBuildFile; fileRef = 4BBD6684AADACA71AD6C65CE /* libPods-Adonis_20190213_MVPTests.a */; };
		7AD383B22213C1DB00B1E9F9 /* AppDelegate.m in Sources */ = {isa = PBXBuildFile; fileRef = 7AD383B12213C1DB00B1E9F9 /* AppDelegate.m */; };
		7AD383B52213C1DC00B1E9F9 /* ViewController.m in Sources */ = {isa = PBXBuildFile; fileRef = 7AD383B42213C1DC00B1E9F9 /* ViewController.m */; };
		7AD383B82213C1DC00B1E9F9 /* Main.storyboard in Resources */ = {isa = PBXBuildFile; fileRef = 7AD383B62213C1DC00B1E9F9 /* Main.storyboard */; };
		7AD383BB2213C1DC00B1E9F9 /* Adonis_20190213_MVP.xcdatamodeld in Sources */ = {isa = PBXBuildFile; fileRef = 7AD383B92213C1DC00B1E9F9 /* Adonis_20190213_MVP.xcdatamodeld */; };
		7AD383BD2213C1DD00B1E9F9 /* Assets.xcassets in Resources */ = {isa = PBXBuildFile; fileRef = 7AD383BC2213C1DD00B1E9F9 /* Assets.xcassets */; };
		7AD383C02213C1DD00B1E9F9 /* LaunchScreen.storyboard in Resources */ = {isa = PBXBuildFile; fileRef = 7AD383BE2213C1DD00B1E9F9 /* LaunchScreen.storyboard */; };
		7AD383C32213C1DD00B1E9F9 /* main.m in Sources */ = {isa = PBXBuildFile; fileRef = 7AD383C22213C1DD00B1E9F9 /* main.m */; };
		7AD383CD2213C1DD00B1E9F9 /* Adonis_20190213_MVPTests.m in Sources */ = {isa = PBXBuildFile; fileRef = 7AD383CC2213C1DD00B1E9F9 /* Adonis_20190213_MVPTests.m */; };
		7AD383D82213C1DD00B1E9F9 /* Adonis_20190213_MVPUITests.m in Sources */ = {isa = PBXBuildFile; fileRef = 7AD383D72213C1DD00B1E9F9 /* Adonis_20190213_MVPUITests.m */; };
		7AD383EC2213F1DC00B1E9F9 /* HYBaseViewController.m in Sources */ = {isa = PBXBuildFile; fileRef = 7AD383EB2213F1DC00B1E9F9 /* HYBaseViewController.m */; };
		7AD383EF2213F1F200B1E9F9 /* HYBaseModel.m in Sources */ = {isa = PBXBuildFile; fileRef = 7AD383EE2213F1F200B1E9F9 /* HYBaseModel.m */; };
		7AD383F22213F20B00B1E9F9 /* HYBaseView.m in Sources */ = {isa = PBXBuildFile; fileRef = 7AD383F12213F20B00B1E9F9 /* HYBaseView.m */; };
		7AD383F62213F31000B1E9F9 /* HYBaseNavigationController.m in Sources */ = {isa = PBXBuildFile; fileRef = 7AD383F52213F31000B1E9F9 /* HYBaseNavigationController.m */; };
		7AD383F92213F3D700B1E9F9 /* HYEncryptTool.m in Sources */ = {isa = PBXBuildFile; fileRef = 7AD383F82213F3D700B1E9F9 /* HYEncryptTool.m */; };
		7AD384032213F46000B1E9F9 /* SM4EncodeAndDecode.m in Sources */ = {isa = PBXBuildFile; fileRef = 7AD383FD2213F46000B1E9F9 /* SM4EncodeAndDecode.m */; };
		7AD384042213F46000B1E9F9 /* sm4test.c in Sources */ = {isa = PBXBuildFile; fileRef = 7AD383FE2213F46000B1E9F9 /* sm4test.c */; };
		7AD384052213F46000B1E9F9 /* sm4.c in Sources */ = {isa = PBXBuildFile; fileRef = 7AD383FF2213F46000B1E9F9 /* sm4.c */; };
		7AD384082213F52700B1E9F9 /* HYFoundationTool.m in Sources */ = {isa = PBXBuildFile; fileRef = 7AD384072213F52700B1E9F9 /* HYFoundationTool.m */; };
		7AD3840E2213F84300B1E9F9 /* UIView+HUD.m in Sources */ = {isa = PBXBuildFile; fileRef = 7AD3840D2213F84300B1E9F9 /* UIView+HUD.m */; };
		7AD384112213FBC700B1E9F9 /* HYShoppingCartCell.m in Sources */ = {isa = PBXBuildFile; fileRef = 7AD384102213FBC700B1E9F9 /* HYShoppingCartCell.m */; };
		7AD384142213FBE300B1E9F9 /* HYShoppingCartController.m in Sources */ = {isa = PBXBuildFile; fileRef = 7AD384132213FBE300B1E9F9 /* HYShoppingCartController.m */; };
		7AD384172213FBF700B1E9F9 /* HYShoppingCartModel.m in Sources */ = {isa = PBXBuildFile; fileRef = 7AD384162213FBF700B1E9F9 /* HYShoppingCartModel.m */; };
		7AD3841A2213FC4600B1E9F9 /* HYShoppingCartPresent.m in Sources */ = {isa = PBXBuildFile; fileRef = 7AD384192213FC4600B1E9F9 /* HYShoppingCartPresent.m */; };
		7AD3841D2213FCFE00B1E9F9 /* UITableView+HYRegister.m in Sources */ = {isa = PBXBuildFile; fileRef = 7AD3841C2213FCFE00B1E9F9 /* UITableView+HYRegister.m */; };
		7AD384202214005600B1E9F9 /* UIColor+HYSetColor.m in Sources */ = {isa = PBXBuildFile; fileRef = 7AD3841F2214005600B1E9F9 /* UIColor+HYSetColor.m */; };
		7AD384222214069700B1E9F9 /* Data.json in Resources */ = {isa = PBXBuildFile; fileRef = 7AD384212214069700B1E9F9 /* Data.json */; };
		EA8726AD22586236F812D8BE /* libPods-Adonis_20190213_MVP.a in Frameworks */ = {isa = PBXBuildFile; fileRef = 38EDD0BFE69F202A8EA1E26E /* libPods-Adonis_20190213_MVP.a */; };
/* End PBXBuildFile section */

/* Begin PBXContainerItemProxy section */
		7AD383C92213C1DD00B1E9F9 /* PBXContainerItemProxy */ = {
			isa = PBXContainerItemProxy;
			containerPortal = 7AD383A52213C1DB00B1E9F9 /* Project object */;
			proxyType = 1;
			remoteGlobalIDString = 7AD383AC2213C1DB00B1E9F9;
			remoteInfo = Adonis_20190213_MVP;
		};
		7AD383D42213C1DD00B1E9F9 /* PBXContainerItemProxy */ = {
			isa = PBXContainerItemProxy;
			containerPortal = 7AD383A52213C1DB00B1E9F9 /* Project object */;
			proxyType = 1;
			remoteGlobalIDString = 7AD383AC2213C1DB00B1E9F9;
			remoteInfo = Adonis_20190213_MVP;
		};
/* End PBXContainerItemProxy section */

/* Begin PBXFileReference section */
		0ED4D3197469F07BBFEEE1DD /* Pods-Adonis_20190213_MVPUITests.debug.xcconfig */ = {isa = PBXFileReference; includeInIndex = 1; lastKnownFileType = text.xcconfig; name = "Pods-Adonis_20190213_MVPUITests.debug.xcconfig"; path = "Pods/Target Support Files/Pods-Adonis_20190213_MVPUITests/Pods-Adonis_20190213_MVPUITests.debug.xcconfig"; sourceTree = "<group>"; };
		26D9C915E485CF3CE8E6274B /* Pods-Adonis_20190213_MVPTests.debug.xcconfig */ = {isa = PBXFileReference; includeInIndex = 1; lastKnownFileType = text.xcconfig; name = "Pods-Adonis_20190213_MVPTests.debug.xcconfig"; path = "Pods/Target Support Files/Pods-Adonis_20190213_MVPTests/Pods-Adonis_20190213_MVPTests.debug.xcconfig"; sourceTree = "<group>"; };
		38EDD0BFE69F202A8EA1E26E /* libPods-Adonis_20190213_MVP.a */ = {isa = PBXFileReference; explicitFileType = archive.ar; includeInIndex = 0; path = "libPods-Adonis_20190213_MVP.a"; sourceTree = BUILT_PRODUCTS_DIR; };
		4BBD6684AADACA71AD6C65CE /* libPods-Adonis_20190213_MVPTests.a */ = {isa = PBXFileReference; explicitFileType = archive.ar; includeInIndex = 0; path = "libPods-Adonis_20190213_MVPTests.a"; sourceTree = BUILT_PRODUCTS_DIR; };
		6F61B20B857178DDD835F5C9 /* Pods-Adonis_20190213_MVP.debug.xcconfig */ = {isa = PBXFileReference; includeInIndex = 1; lastKnownFileType = text.xcconfig; name = "Pods-Adonis_20190213_MVP.debug.xcconfig"; path = "Pods/Target Support Files/Pods-Adonis_20190213_MVP/Pods-Adonis_20190213_MVP.debug.xcconfig"; sourceTree = "<group>"; };
		7AD383AD2213C1DB00B1E9F9 /* Adonis_20190213_MVP.app */ = {isa = PBXFileReference; explicitFileType = wrapper.application; includeInIndex = 0; path = Adonis_20190213_MVP.app; sourceTree = BUILT_PRODUCTS_DIR; };
		7AD383B02213C1DB00B1E9F9 /* AppDelegate.h */ = {isa = PBXFileReference; lastKnownFileType = sourcecode.c.h; path = AppDelegate.h; sourceTree = "<group>"; };
		7AD383B12213C1DB00B1E9F9 /* AppDelegate.m */ = {isa = PBXFileReference; lastKnownFileType = sourcecode.c.objc; path = AppDelegate.m; sourceTree = "<group>"; };
		7AD383B32213C1DB00B1E9F9 /* ViewController.h */ = {isa = PBXFileReference; lastKnownFileType = sourcecode.c.h; path = ViewController.h; sourceTree = "<group>"; };
		7AD383B42213C1DC00B1E9F9 /* ViewController.m */ = {isa = PBXFileReference; lastKnownFileType = sourcecode.c.objc; path = ViewController.m; sourceTree = "<group>"; };
		7AD383B72213C1DC00B1E9F9 /* Base */ = {isa = PBXFileReference; lastKnownFileType = file.storyboard; name = Base; path = Base.lproj/Main.storyboard; sourceTree = "<group>"; };
		7AD383BA2213C1DC00B1E9F9 /* Adonis_20190213_MVP.xcdatamodel */ = {isa = PBXFileReference; lastKnownFileType = wrapper.xcdatamodel; path = Adonis_20190213_MVP.xcdatamodel; sourceTree = "<group>"; };
		7AD383BC2213C1DD00B1E9F9 /* Assets.xcassets */ = {isa = PBXFileReference; lastKnownFileType = folder.assetcatalog; path = Assets.xcassets; sourceTree = "<group>"; };
		7AD383BF2213C1DD00B1E9F9 /* Base */ = {isa = PBXFileReference; lastKnownFileType = file.storyboard; name = Base; path = Base.lproj/LaunchScreen.storyboard; sourceTree = "<group>"; };
		7AD383C12213C1DD00B1E9F9 /* Info.plist */ = {isa = PBXFileReference; lastKnownFileType = text.plist.xml; path = Info.plist; sourceTree = "<group>"; };
		7AD383C22213C1DD00B1E9F9 /* main.m */ = {isa = PBXFileReference; lastKnownFileType = sourcecode.c.objc; path = main.m; sourceTree = "<group>"; };
		7AD383C82213C1DD00B1E9F9 /* Adonis_20190213_MVPTests.xctest */ = {isa = PBXFileReference; explicitFileType = wrapper.cfbundle; includeInIndex = 0; path = Adonis_20190213_MVPTests.xctest; sourceTree = BUILT_PRODUCTS_DIR; };
		7AD383CC2213C1DD00B1E9F9 /* Adonis_20190213_MVPTests.m */ = {isa = PBXFileReference; lastKnownFileType = sourcecode.c.objc; path = Adonis_20190213_MVPTests.m; sourceTree = "<group>"; };
		7AD383CE2213C1DD00B1E9F9 /* Info.plist */ = {isa = PBXFileReference; lastKnownFileType = text.plist.xml; path = Info.plist; sourceTree = "<group>"; };
		7AD383D32213C1DD00B1E9F9 /* Adonis_20190213_MVPUITests.xctest */ = {isa = PBXFileReference; explicitFileType = wrapper.cfbundle; includeInIndex = 0; path = Adonis_20190213_MVPUITests.xctest; sourceTree = BUILT_PRODUCTS_DIR; };
		7AD383D72213C1DD00B1E9F9 /* Adonis_20190213_MVPUITests.m */ = {isa = PBXFileReference; lastKnownFileType = sourcecode.c.objc; path = Adonis_20190213_MVPUITests.m; sourceTree = "<group>"; };
		7AD383D92213C1DD00B1E9F9 /* Info.plist */ = {isa = PBXFileReference; lastKnownFileType = text.plist.xml; path = Info.plist; sourceTree = "<group>"; };
		7AD383EA2213F1DC00B1E9F9 /* HYBaseViewController.h */ = {isa = PBXFileReference; lastKnownFileType = sourcecode.c.h; path = HYBaseViewController.h; sourceTree = "<group>"; };
		7AD383EB2213F1DC00B1E9F9 /* HYBaseViewController.m */ = {isa = PBXFileReference; lastKnownFileType = sourcecode.c.objc; path = HYBaseViewController.m; sourceTree = "<group>"; };
		7AD383ED2213F1F200B1E9F9 /* HYBaseModel.h */ = {isa = PBXFileReference; lastKnownFileType = sourcecode.c.h; path = HYBaseModel.h; sourceTree = "<group>"; };
		7AD383EE2213F1F200B1E9F9 /* HYBaseModel.m */ = {isa = PBXFileReference; lastKnownFileType = sourcecode.c.objc; path = HYBaseModel.m; sourceTree = "<group>"; };
		7AD383F02213F20B00B1E9F9 /* HYBaseView.h */ = {isa = PBXFileReference; lastKnownFileType = sourcecode.c.h; path = HYBaseView.h; sourceTree = "<group>"; };
		7AD383F12213F20B00B1E9F9 /* HYBaseView.m */ = {isa = PBXFileReference; lastKnownFileType = sourcecode.c.objc; path = HYBaseView.m; sourceTree = "<group>"; };
		7AD383F42213F31000B1E9F9 /* HYBaseNavigationController.h */ = {isa = PBXFileReference; lastKnownFileType = sourcecode.c.h; path = HYBaseNavigationController.h; sourceTree = "<group>"; };
		7AD383F52213F31000B1E9F9 /* HYBaseNavigationController.m */ = {isa = PBXFileReference; lastKnownFileType = sourcecode.c.objc; path = HYBaseNavigationController.m; sourceTree = "<group>"; };
		7AD383F72213F3D700B1E9F9 /* HYEncryptTool.h */ = {isa = PBXFileReference; lastKnownFileType = sourcecode.c.h; path = HYEncryptTool.h; sourceTree = "<group>"; };
		7AD383F82213F3D700B1E9F9 /* HYEncryptTool.m */ = {isa = PBXFileReference; lastKnownFileType = sourcecode.c.objc; path = HYEncryptTool.m; sourceTree = "<group>"; };
		7AD383FD2213F46000B1E9F9 /* SM4EncodeAndDecode.m */ = {isa = PBXFileReference; fileEncoding = 4; lastKnownFileType = sourcecode.c.objc; path = SM4EncodeAndDecode.m; sourceTree = "<group>"; };
		7AD383FE2213F46000B1E9F9 /* sm4test.c */ = {isa = PBXFileReference; fileEncoding = 4; lastKnownFileType = sourcecode.c.c; path = sm4test.c; sourceTree = "<group>"; };
		7AD383FF2213F46000B1E9F9 /* sm4.c */ = {isa = PBXFileReference; fileEncoding = 4; lastKnownFileType = sourcecode.c.c; path = sm4.c; sourceTree = "<group>"; };
		7AD384002213F46000B1E9F9 /* sm4test.h */ = {isa = PBXFileReference; fileEncoding = 4; lastKnownFileType = sourcecode.c.h; path = sm4test.h; sourceTree = "<group>"; };
		7AD384012213F46000B1E9F9 /* SM4EncodeAndDecode.h */ = {isa = PBXFileReference; fileEncoding = 4; lastKnownFileType = sourcecode.c.h; path = SM4EncodeAndDecode.h; sourceTree = "<group>"; };
		7AD384022213F46000B1E9F9 /* sm4.h */ = {isa = PBXFileReference; fileEncoding = 4; lastKnownFileType = sourcecode.c.h; path = sm4.h; sourceTree = "<group>"; };
		7AD384062213F52700B1E9F9 /* HYFoundationTool.h */ = {isa = PBXFileReference; lastKnownFileType = sourcecode.c.h; path = HYFoundationTool.h; sourceTree = "<group>"; };
		7AD384072213F52700B1E9F9 /* HYFoundationTool.m */ = {isa = PBXFileReference; lastKnownFileType = sourcecode.c.objc; path = HYFoundationTool.m; sourceTree = "<group>"; };
		7AD3840A2213F5E500B1E9F9 /* HYHeaderPrefix.h */ = {isa = PBXFileReference; lastKnownFileType = sourcecode.c.h; path = HYHeaderPrefix.h; sourceTree = "<group>"; };
		7AD3840C2213F84300B1E9F9 /* UIView+HUD.h */ = {isa = PBXFileReference; lastKnownFileType = sourcecode.c.h; path = "UIView+HUD.h"; sourceTree = "<group>"; };
		7AD3840D2213F84300B1E9F9 /* UIView+HUD.m */ = {isa = PBXFileReference; lastKnownFileType = sourcecode.c.objc; path = "UIView+HUD.m"; sourceTree = "<group>"; };
		7AD3840F2213FBC700B1E9F9 /* HYShoppingCartCell.h */ = {isa = PBXFileReference; lastKnownFileType = sourcecode.c.h; path = HYShoppingCartCell.h; sourceTree = "<group>"; };
		7AD384102213FBC700B1E9F9 /* HYShoppingCartCell.m */ = {isa = PBXFileReference; lastKnownFileType = sourcecode.c.objc; path = HYShoppingCartCell.m; sourceTree = "<group>"; };
		7AD384122213FBE300B1E9F9 /* HYShoppingCartController.h */ = {isa = PBXFileReference; lastKnownFileType = sourcecode.c.h; path = HYShoppingCartController.h; sourceTree = "<group>"; };
		7AD384132213FBE300B1E9F9 /* HYShoppingCartController.m */ = {isa = PBXFileReference; lastKnownFileType = sourcecode.c.objc; path = HYShoppingCartController.m; sourceTree = "<group>"; };
		7AD384152213FBF700B1E9F9 /* HYShoppingCartModel.h */ = {isa = PBXFileReference; lastKnownFileType = sourcecode.c.h; path = HYShoppingCartModel.h; sourceTree = "<group>"; };
		7AD384162213FBF700B1E9F9 /* HYShoppingCartModel.m */ = {isa = PBXFileReference; lastKnownFileType = sourcecode.c.objc; path = HYShoppingCartModel.m; sourceTree = "<group>"; };
		7AD384182213FC4600B1E9F9 /* HYShoppingCartPresent.h */ = {isa = PBXFileReference; lastKnownFileType = sourcecode.c.h; path = HYShoppingCartPresent.h; sourceTree = "<group>"; };
		7AD384192213FC4600B1E9F9 /* HYShoppingCartPresent.m */ = {isa = PBXFileReference; lastKnownFileType = sourcecode.c.objc; path = HYShoppingCartPresent.m; sourceTree = "<group>"; };
		7AD3841B2213FCFE00B1E9F9 /* UITableView+HYRegister.h */ = {isa = PBXFileReference; lastKnownFileType = sourcecode.c.h; path = "UITableView+HYRegister.h"; sourceTree = "<group>"; };
		7AD3841C2213FCFE00B1E9F9 /* UITableView+HYRegister.m */ = {isa = PBXFileReference; lastKnownFileType = sourcecode.c.objc; path = "UITableView+HYRegister.m"; sourceTree = "<group>"; };
		7AD3841E2214005600B1E9F9 /* UIColor+HYSetColor.h */ = {isa = PBXFileReference; lastKnownFileType = sourcecode.c.h; path = "UIColor+HYSetColor.h"; sourceTree = "<group>"; };
		7AD3841F2214005600B1E9F9 /* UIColor+HYSetColor.m */ = {isa = PBXFileReference; lastKnownFileType = sourcecode.c.objc; path = "UIColor+HYSetColor.m"; sourceTree = "<group>"; };
		7AD384212214069700B1E9F9 /* Data.json */ = {isa = PBXFileReference; lastKnownFileType = text.json; path = Data.json; sourceTree = "<group>"; };
		8295E1583689B7380FED75ED /* Pods-Adonis_20190213_MVPTests.release.xcconfig */ = {isa = PBXFileReference; includeInIndex = 1; lastKnownFileType = text.xcconfig; name = "Pods-Adonis_20190213_MVPTests.release.xcconfig"; path = "Pods/Target Support Files/Pods-Adonis_20190213_MVPTests/Pods-Adonis_20190213_MVPTests.release.xcconfig"; sourceTree = "<group>"; };
		C681991829E45F75AAD245FE /* Pods-Adonis_20190213_MVP.release.xcconfig */ = {isa = PBXFileReference; includeInIndex = 1; lastKnownFileType = text.xcconfig; name = "Pods-Adonis_20190213_MVP.release.xcconfig"; path = "Pods/Target Support Files/Pods-Adonis_20190213_MVP/Pods-Adonis_20190213_MVP.release.xcconfig"; sourceTree = "<group>"; };
		D3652FCF75379FB00284B23A /* libPods-Adonis_20190213_MVPUITests.a */ = {isa = PBXFileReference; explicitFileType = archive.ar; includeInIndex = 0; path = "libPods-Adonis_20190213_MVPUITests.a"; sourceTree = BUILT_PRODUCTS_DIR; };
		D6C626EA566A9B6CC7FCD8E5 /* Pods-Adonis_20190213_MVPUITests.release.xcconfig */ = {isa = PBXFileReference; includeInIndex = 1; lastKnownFileType = text.xcconfig; name = "Pods-Adonis_20190213_MVPUITests.release.xcconfig"; path = "Pods/Target Support Files/Pods-Adonis_20190213_MVPUITests/Pods-Adonis_20190213_MVPUITests.release.xcconfig"; sourceTree = "<group>"; };
/* End PBXFileReference section */

/* Begin PBXFrameworksBuildPhase section */
		7AD383AA2213C1DB00B1E9F9 /* Frameworks */ = {
			isa = PBXFrameworksBuildPhase;
			buildActionMask = 2147483647;
			files = (
				EA8726AD22586236F812D8BE /* libPods-Adonis_20190213_MVP.a in Frameworks */,
			);
			runOnlyForDeploymentPostprocessing = 0;
		};
		7AD383C52213C1DD00B1E9F9 /* Frameworks */ = {
			isa = PBXFrameworksBuildPhase;
			buildActionMask = 2147483647;
			files = (
				769A5EF0B2A050D325E6A787 /* libPods-Adonis_20190213_MVPTests.a in Frameworks */,
			);
			runOnlyForDeploymentPostprocessing = 0;
		};
		7AD383D02213C1DD00B1E9F9 /* Frameworks */ = {
			isa = PBXFrameworksBuildPhase;
			buildActionMask = 2147483647;
			files = (
				44228B38FA6C4DE3843AF983 /* libPods-Adonis_20190213_MVPUITests.a in Frameworks */,
			);
			runOnlyForDeploymentPostprocessing = 0;
		};
/* End PBXFrameworksBuildPhase section */

/* Begin PBXGroup section */
		7AD383A42213C1DB00B1E9F9 = {
			isa = PBXGroup;
			children = (
				7AD383AF2213C1DB00B1E9F9 /* Adonis_20190213_MVP */,
				7AD383CB2213C1DD00B1E9F9 /* Adonis_20190213_MVPTests */,
				7AD383D62213C1DD00B1E9F9 /* Adonis_20190213_MVPUITests */,
				7AD383AE2213C1DB00B1E9F9 /* Products */,
				BE85263F1A098CBF1AE0F683 /* Pods */,
				BBB5FDBD4E5579D8F83870BC /* Frameworks */,
			);
			sourceTree = "<group>";
		};
		7AD383AE2213C1DB00B1E9F9 /* Products */ = {
			isa = PBXGroup;
			children = (
				7AD383AD2213C1DB00B1E9F9 /* Adonis_20190213_MVP.app */,
				7AD383C82213C1DD00B1E9F9 /* Adonis_20190213_MVPTests.xctest */,
				7AD383D32213C1DD00B1E9F9 /* Adonis_20190213_MVPUITests.xctest */,
			);
			name = Products;
			sourceTree = "<group>";
		};
		7AD383AF2213C1DB00B1E9F9 /* Adonis_20190213_MVP */ = {
			isa = PBXGroup;
			children = (
				7AD3840B2213F77700B1E9F9 /* CustomView */,
				7AD384092213F5B300B1E9F9 /* Resources */,
				7AD383FB2213F45000B1E9F9 /* Category */,
				7AD383FA2213F44500B1E9F9 /* ThirdClass */,
				7AD383E92213C3BB00B1E9F9 /* BaseClass */,
				7AD383E82213C39D00B1E9F9 /* Presenter */,
				7AD383E72213C38500B1E9F9 /* Controller */,
				7AD383E62213C37D00B1E9F9 /* Model */,
				7AD383E52213C36A00B1E9F9 /* View */,
				7AD383F32213F29800B1E9F9 /* Untils */,
				7AD383B02213C1DB00B1E9F9 /* AppDelegate.h */,
				7AD383B12213C1DB00B1E9F9 /* AppDelegate.m */,
				7AD383B32213C1DB00B1E9F9 /* ViewController.h */,
				7AD383B42213C1DC00B1E9F9 /* ViewController.m */,
				7AD383B62213C1DC00B1E9F9 /* Main.storyboard */,
				7AD383BC2213C1DD00B1E9F9 /* Assets.xcassets */,
				7AD383BE2213C1DD00B1E9F9 /* LaunchScreen.storyboard */,
				7AD383C12213C1DD00B1E9F9 /* Info.plist */,
				7AD383C22213C1DD00B1E9F9 /* main.m */,
				7AD383B92213C1DC00B1E9F9 /* Adonis_20190213_MVP.xcdatamodeld */,
			);
			path = Adonis_20190213_MVP;
			sourceTree = "<group>";
		};
		7AD383CB2213C1DD00B1E9F9 /* Adonis_20190213_MVPTests */ = {
			isa = PBXGroup;
			children = (
				7AD383CC2213C1DD00B1E9F9 /* Adonis_20190213_MVPTests.m */,
				7AD383CE2213C1DD00B1E9F9 /* Info.plist */,
			);
			path = Adonis_20190213_MVPTests;
			sourceTree = "<group>";
		};
		7AD383D62213C1DD00B1E9F9 /* Adonis_20190213_MVPUITests */ = {
			isa = PBXGroup;
			children = (
				7AD383D72213C1DD00B1E9F9 /* Adonis_20190213_MVPUITests.m */,
				7AD383D92213C1DD00B1E9F9 /* Info.plist */,
			);
			path = Adonis_20190213_MVPUITests;
			sourceTree = "<group>";
		};
		7AD383E52213C36A00B1E9F9 /* View */ = {
			isa = PBXGroup;
			children = (
				7AD3840F2213FBC700B1E9F9 /* HYShoppingCartCell.h */,
				7AD384102213FBC700B1E9F9 /* HYShoppingCartCell.m */,
			);
			path = View;
			sourceTree = "<group>";
		};
		7AD383E62213C37D00B1E9F9 /* Model */ = {
			isa = PBXGroup;
			children = (
				7AD384152213FBF700B1E9F9 /* HYShoppingCartModel.h */,
				7AD384162213FBF700B1E9F9 /* HYShoppingCartModel.m */,
			);
			path = Model;
			sourceTree = "<group>";
		};
		7AD383E72213C38500B1E9F9 /* Controller */ = {
			isa = PBXGroup;
			children = (
				7AD384122213FBE300B1E9F9 /* HYShoppingCartController.h */,
				7AD384132213FBE300B1E9F9 /* HYShoppingCartController.m */,
			);
			path = Controller;
			sourceTree = "<group>";
		};
		7AD383E82213C39D00B1E9F9 /* Presenter */ = {
			isa = PBXGroup;
			children = (
				7AD384182213FC4600B1E9F9 /* HYShoppingCartPresent.h */,
				7AD384192213FC4600B1E9F9 /* HYShoppingCartPresent.m */,
			);
			path = Presenter;
			sourceTree = "<group>";
		};
		7AD383E92213C3BB00B1E9F9 /* BaseClass */ = {
			isa = PBXGroup;
			children = (
				7AD383EA2213F1DC00B1E9F9 /* HYBaseViewController.h */,
				7AD383EB2213F1DC00B1E9F9 /* HYBaseViewController.m */,
				7AD383F42213F31000B1E9F9 /* HYBaseNavigationController.h */,
				7AD383F52213F31000B1E9F9 /* HYBaseNavigationController.m */,
				7AD383ED2213F1F200B1E9F9 /* HYBaseModel.h */,
				7AD383EE2213F1F200B1E9F9 /* HYBaseModel.m */,
				7AD383F02213F20B00B1E9F9 /* HYBaseView.h */,
				7AD383F12213F20B00B1E9F9 /* HYBaseView.m */,
			);
			path = BaseClass;
			sourceTree = "<group>";
		};
		7AD383F32213F29800B1E9F9 /* Untils */ = {
			isa = PBXGroup;
			children = (
				7AD383F72213F3D700B1E9F9 /* HYEncryptTool.h */,
				7AD383F82213F3D700B1E9F9 /* HYEncryptTool.m */,
				7AD384062213F52700B1E9F9 /* HYFoundationTool.h */,
				7AD384072213F52700B1E9F9 /* HYFoundationTool.m */,
			);
			path = Untils;
			sourceTree = "<group>";
		};
		7AD383FA2213F44500B1E9F9 /* ThirdClass */ = {
			isa = PBXGroup;
			children = (
				7AD383FC2213F46000B1E9F9 /* sm4 */,
			);
			path = ThirdClass;
			sourceTree = "<group>";
		};
		7AD383FB2213F45000B1E9F9 /* Category */ = {
			isa = PBXGroup;
			children = (
				7AD3840C2213F84300B1E9F9 /* UIView+HUD.h */,
				7AD3840D2213F84300B1E9F9 /* UIView+HUD.m */,
				7AD3841B2213FCFE00B1E9F9 /* UITableView+HYRegister.h */,
				7AD3841C2213FCFE00B1E9F9 /* UITableView+HYRegister.m */,
				7AD3841E2214005600B1E9F9 /* UIColor+HYSetColor.h */,
				7AD3841F2214005600B1E9F9 /* UIColor+HYSetColor.m */,
			);
			path = Category;
			sourceTree = "<group>";
		};
		7AD383FC2213F46000B1E9F9 /* sm4 */ = {
			isa = PBXGroup;
			children = (
				7AD383FD2213F46000B1E9F9 /* SM4EncodeAndDecode.m */,
				7AD383FE2213F46000B1E9F9 /* sm4test.c */,
				7AD383FF2213F46000B1E9F9 /* sm4.c */,
				7AD384002213F46000B1E9F9 /* sm4test.h */,
				7AD384012213F46000B1E9F9 /* SM4EncodeAndDecode.h */,
				7AD384022213F46000B1E9F9 /* sm4.h */,
			);
			path = sm4;
			sourceTree = "<group>";
		};
		7AD384092213F5B300B1E9F9 /* Resources */ = {
			isa = PBXGroup;
			children = (
				7AD3840A2213F5E500B1E9F9 /* HYHeaderPrefix.h */,
				7AD384212214069700B1E9F9 /* Data.json */,
			);
			path = Resources;
			sourceTree = "<group>";
		};
		7AD3840B2213F77700B1E9F9 /* CustomView */ = {
			isa = PBXGroup;
			children = (
			);
			path = CustomView;
			sourceTree = "<group>";
		};
		BBB5FDBD4E5579D8F83870BC /* Frameworks */ = {
			isa = PBXGroup;
			children = (
				38EDD0BFE69F202A8EA1E26E /* libPods-Adonis_20190213_MVP.a */,
				4BBD6684AADACA71AD6C65CE /* libPods-Adonis_20190213_MVPTests.a */,
				D3652FCF75379FB00284B23A /* libPods-Adonis_20190213_MVPUITests.a */,
			);
			name = Frameworks;
			sourceTree = "<group>";
		};
		BE85263F1A098CBF1AE0F683 /* Pods */ = {
			isa = PBXGroup;
			children = (
				6F61B20B857178DDD835F5C9 /* Pods-Adonis_20190213_MVP.debug.xcconfig */,
				C681991829E45F75AAD245FE /* Pods-Adonis_20190213_MVP.release.xcconfig */,
				26D9C915E485CF3CE8E6274B /* Pods-Adonis_20190213_MVPTests.debug.xcconfig */,
				8295E1583689B7380FED75ED /* Pods-Adonis_20190213_MVPTests.release.xcconfig */,
				0ED4D3197469F07BBFEEE1DD /* Pods-Adonis_20190213_MVPUITests.debug.xcconfig */,
				D6C626EA566A9B6CC7FCD8E5 /* Pods-Adonis_20190213_MVPUITests.release.xcconfig */,
			);
			name = Pods;
			sourceTree = "<group>";
		};
/* End PBXGroup section */

/* Begin PBXNativeTarget section */
		7AD383AC2213C1DB00B1E9F9 /* Adonis_20190213_MVP */ = {
			isa = PBXNativeTarget;
			buildConfigurationList = 7AD383DC2213C1DD00B1E9F9 /* Build configuration list for PBXNativeTarget "Adonis_20190213_MVP" */;
			buildPhases = (
				364451237580AE0AE6F89388 /* [CP] Check Pods Manifest.lock */,
				7AD383A92213C1DB00B1E9F9 /* Sources */,
				7AD383AA2213C1DB00B1E9F9 /* Frameworks */,
				7AD383AB2213C1DB00B1E9F9 /* Resources */,
				843D0FD59E48713753D04EB4 /* [CP] Copy Pods Resources */,
			);
			buildRules = (
			);
			dependencies = (
			);
			name = Adonis_20190213_MVP;
			productName = Adonis_20190213_MVP;
			productReference = 7AD383AD2213C1DB00B1E9F9 /* Adonis_20190213_MVP.app */;
			productType = "com.apple.product-type.application";
		};
		7AD383C72213C1DD00B1E9F9 /* Adonis_20190213_MVPTests */ = {
			isa = PBXNativeTarget;
			buildConfigurationList = 7AD383DF2213C1DD00B1E9F9 /* Build configuration list for PBXNativeTarget "Adonis_20190213_MVPTests" */;
			buildPhases = (
				70C8D51C31D6767930D4D074 /* [CP] Check Pods Manifest.lock */,
				7AD383C42213C1DD00B1E9F9 /* Sources */,
				7AD383C52213C1DD00B1E9F9 /* Frameworks */,
				7AD383C62213C1DD00B1E9F9 /* Resources */,
			);
			buildRules = (
			);
			dependencies = (
				7AD383CA2213C1DD00B1E9F9 /* PBXTargetDependency */,
			);
			name = Adonis_20190213_MVPTests;
			productName = Adonis_20190213_MVPTests;
			productReference = 7AD383C82213C1DD00B1E9F9 /* Adonis_20190213_MVPTests.xctest */;
			productType = "com.apple.product-type.bundle.unit-test";
		};
		7AD383D22213C1DD00B1E9F9 /* Adonis_20190213_MVPUITests */ = {
			isa = PBXNativeTarget;
			buildConfigurationList = 7AD383E22213C1DD00B1E9F9 /* Build configuration list for PBXNativeTarget "Adonis_20190213_MVPUITests" */;
			buildPhases = (
				66A387BE9BD0759C106F3518 /* [CP] Check Pods Manifest.lock */,
				7AD383CF2213C1DD00B1E9F9 /* Sources */,
				7AD383D02213C1DD00B1E9F9 /* Frameworks */,
				7AD383D12213C1DD00B1E9F9 /* Resources */,
			);
			buildRules = (
			);
			dependencies = (
				7AD383D52213C1DD00B1E9F9 /* PBXTargetDependency */,
			);
			name = Adonis_20190213_MVPUITests;
			productName = Adonis_20190213_MVPUITests;
			productReference = 7AD383D32213C1DD00B1E9F9 /* Adonis_20190213_MVPUITests.xctest */;
			productType = "com.apple.product-type.bundle.ui-testing";
		};
/* End PBXNativeTarget section */

/* Begin PBXProject section */
		7AD383A52213C1DB00B1E9F9 /* Project object */ = {
			isa = PBXProject;
			attributes = {
				CLASSPREFIX = HY;
				LastUpgradeCheck = 1010;
				ORGANIZATIONNAME = "Nikoyo (China）Electronics Systems Co., Ltd.";
				TargetAttributes = {
					7AD383AC2213C1DB00B1E9F9 = {
						CreatedOnToolsVersion = 10.1;
					};
					7AD383C72213C1DD00B1E9F9 = {
						CreatedOnToolsVersion = 10.1;
						TestTargetID = 7AD383AC2213C1DB00B1E9F9;
					};
					7AD383D22213C1DD00B1E9F9 = {
						CreatedOnToolsVersion = 10.1;
						TestTargetID = 7AD383AC2213C1DB00B1E9F9;
					};
				};
			};
			buildConfigurationList = 7AD383A82213C1DB00B1E9F9 /* Build configuration list for PBXProject "Adonis_20190213_MVP" */;
			compatibilityVersion = "Xcode 9.3";
			developmentRegion = en;
			hasScannedForEncodings = 0;
			knownRegions = (
				en,
				Base,
			);
			mainGroup = 7AD383A42213C1DB00B1E9F9;
			productRefGroup = 7AD383AE2213C1DB00B1E9F9 /* Products */;
			projectDirPath = "";
			projectRoot = "";
			targets = (
				7AD383AC2213C1DB00B1E9F9 /* Adonis_20190213_MVP */,
				7AD383C72213C1DD00B1E9F9 /* Adonis_20190213_MVPTests */,
				7AD383D22213C1DD00B1E9F9 /* Adonis_20190213_MVPUITests */,
			);
		};
/* End PBXProject section */

/* Begin PBXResourcesBuildPhase section */
		7AD383AB2213C1DB00B1E9F9 /* Resources */ = {
			isa = PBXResourcesBuildPhase;
			buildActionMask = 2147483647;
			files = (
				7AD383C02213C1DD00B1E9F9 /* LaunchScreen.storyboard in Resources */,
				7AD383BD2213C1DD00B1E9F9 /* Assets.xcassets in Resources */,
				7AD383B82213C1DC00B1E9F9 /* Main.storyboard in Resources */,
				7AD384222214069700B1E9F9 /* Data.json in Resources */,
			);
			runOnlyForDeploymentPostprocessing = 0;
		};
		7AD383C62213C1DD00B1E9F9 /* Resources */ = {
			isa = PBXResourcesBuildPhase;
			buildActionMask = 2147483647;
			files = (
			);
			runOnlyForDeploymentPostprocessing = 0;
		};
		7AD383D12213C1DD00B1E9F9 /* Resources */ = {
			isa = PBXResourcesBuildPhase;
			buildActionMask = 2147483647;
			files = (
			);
			runOnlyForDeploymentPostprocessing = 0;
		};
/* End PBXResourcesBuildPhase section */

/* Begin PBXShellScriptBuildPhase section */
		364451237580AE0AE6F89388 /* [CP] Check Pods Manifest.lock */ = {
			isa = PBXShellScriptBuildPhase;
			buildActionMask = 2147483647;
			files = (
			);
			inputFileListPaths = (
			);
			inputPaths = (
				"${PODS_PODFILE_DIR_PATH}/Podfile.lock",
				"${PODS_ROOT}/Manifest.lock",
			);
			name = "[CP] Check Pods Manifest.lock";
			outputFileListPaths = (
			);
			outputPaths = (
				"$(DERIVED_FILE_DIR)/Pods-Adonis_20190213_MVP-checkManifestLockResult.txt",
			);
			runOnlyForDeploymentPostprocessing = 0;
			shellPath = /bin/sh;
			shellScript = "diff \"${PODS_PODFILE_DIR_PATH}/Podfile.lock\" \"${PODS_ROOT}/Manifest.lock\" > /dev/null\nif [ $? != 0 ] ; then\n    # print error to STDERR\n    echo \"error: The sandbox is not in sync with the Podfile.lock. Run 'pod install' or update your CocoaPods installation.\" >&2\n    exit 1\nfi\n# This output is used by Xcode 'outputs' to avoid re-running this script phase.\necho \"SUCCESS\" > \"${SCRIPT_OUTPUT_FILE_0}\"\n";
			showEnvVarsInLog = 0;
		};
		66A387BE9BD0759C106F3518 /* [CP] Check Pods Manifest.lock */ = {
			isa = PBXShellScriptBuildPhase;
			buildActionMask = 2147483647;
			files = (
			);
			inputFileListPaths = (
			);
			inputPaths = (
				"${PODS_PODFILE_DIR_PATH}/Podfile.lock",
				"${PODS_ROOT}/Manifest.lock",
			);
			name = "[CP] Check Pods Manifest.lock";
			outputFileListPaths = (
			);
			outputPaths = (
				"$(DERIVED_FILE_DIR)/Pods-Adonis_20190213_MVPUITests-checkManifestLockResult.txt",
			);
			runOnlyForDeploymentPostprocessing = 0;
			shellPath = /bin/sh;
			shellScript = "diff \"${PODS_PODFILE_DIR_PATH}/Podfile.lock\" \"${PODS_ROOT}/Manifest.lock\" > /dev/null\nif [ $? != 0 ] ; then\n    # print error to STDERR\n    echo \"error: The sandbox is not in sync with the Podfile.lock. Run 'pod install' or update your CocoaPods installation.\" >&2\n    exit 1\nfi\n# This output is used by Xcode 'outputs' to avoid re-running this script phase.\necho \"SUCCESS\" > \"${SCRIPT_OUTPUT_FILE_0}\"\n";
			showEnvVarsInLog = 0;
		};
		70C8D51C31D6767930D4D074 /* [CP] Check Pods Manifest.lock */ = {
			isa = PBXShellScriptBuildPhase;
			buildActionMask = 2147483647;
			files = (
			);
			inputFileListPaths = (
			);
			inputPaths = (
				"${PODS_PODFILE_DIR_PATH}/Podfile.lock",
				"${PODS_ROOT}/Manifest.lock",
			);
			name = "[CP] Check Pods Manifest.lock";
			outputFileListPaths = (
			);
			outputPaths = (
				"$(DERIVED_FILE_DIR)/Pods-Adonis_20190213_MVPTests-checkManifestLockResult.txt",
			);
			runOnlyForDeploymentPostprocessing = 0;
			shellPath = /bin/sh;
			shellScript = "diff \"${PODS_PODFILE_DIR_PATH}/Podfile.lock\" \"${PODS_ROOT}/Manifest.lock\" > /dev/null\nif [ $? != 0 ] ; then\n    # print error to STDERR\n    echo \"error: The sandbox is not in sync with the Podfile.lock. Run 'pod install' or update your CocoaPods installation.\" >&2\n    exit 1\nfi\n# This output is used by Xcode 'outputs' to avoid re-running this script phase.\necho \"SUCCESS\" > \"${SCRIPT_OUTPUT_FILE_0}\"\n";
			showEnvVarsInLog = 0;
		};
		843D0FD59E48713753D04EB4 /* [CP] Copy Pods Resources */ = {
			isa = PBXShellScriptBuildPhase;
			buildActionMask = 2147483647;
			files = (
			);
			inputFileListPaths = (
			);
			inputPaths = (
				"${SRCROOT}/Pods/Target Support Files/Pods-Adonis_20190213_MVP/Pods-Adonis_20190213_MVP-resources.sh",
				"${PODS_ROOT}/MJRefresh/MJRefresh/MJRefresh.bundle",
				"${PODS_ROOT}/SVProgressHUD/SVProgressHUD/SVProgressHUD.bundle",
			);
			name = "[CP] Copy Pods Resources";
			outputFileListPaths = (
			);
			outputPaths = (
				"${TARGET_BUILD_DIR}/${UNLOCALIZED_RESOURCES_FOLDER_PATH}/MJRefresh.bundle",
				"${TARGET_BUILD_DIR}/${UNLOCALIZED_RESOURCES_FOLDER_PATH}/SVProgressHUD.bundle",
			);
			runOnlyForDeploymentPostprocessing = 0;
			shellPath = /bin/sh;
			shellScript = "\"${SRCROOT}/Pods/Target Support Files/Pods-Adonis_20190213_MVP/Pods-Adonis_20190213_MVP-resources.sh\"\n";
			showEnvVarsInLog = 0;
		};
/* End PBXShellScriptBuildPhase section */

/* Begin PBXSourcesBuildPhase section */
		7AD383A92213C1DB00B1E9F9 /* Sources */ = {
			isa = PBXSourcesBuildPhase;
			buildActionMask = 2147483647;
			files = (
				7AD3840E2213F84300B1E9F9 /* UIView+HUD.m in Sources */,
				7AD383F22213F20B00B1E9F9 /* HYBaseView.m in Sources */,
				7AD383B52213C1DC00B1E9F9 /* ViewController.m in Sources */,
				7AD383EC2213F1DC00B1E9F9 /* HYBaseViewController.m in Sources */,
				7AD3841A2213FC4600B1E9F9 /* HYShoppingCartPresent.m in Sources */,
				7AD3841D2213FCFE00B1E9F9 /* UITableView+HYRegister.m in Sources */,
				7AD384082213F52700B1E9F9 /* HYFoundationTool.m in Sources */,
				7AD384042213F46000B1E9F9 /* sm4test.c in Sources */,
				7AD383B22213C1DB00B1E9F9 /* AppDelegate.m in Sources */,
				7AD384032213F46000B1E9F9 /* SM4EncodeAndDecode.m in Sources */,
				7AD384052213F46000B1E9F9 /* sm4.c in Sources */,
				7AD383C32213C1DD00B1E9F9 /* main.m in Sources */,
				7AD384112213FBC700B1E9F9 /* HYShoppingCartCell.m in Sources */,
				7AD383BB2213C1DC00B1E9F9 /* Adonis_20190213_MVP.xcdatamodeld in Sources */,
				7AD384142213FBE300B1E9F9 /* HYShoppingCartController.m in Sources */,
				7AD384202214005600B1E9F9 /* UIColor+HYSetColor.m in Sources */,
				7AD383EF2213F1F200B1E9F9 /* HYBaseModel.m in Sources */,
				7AD383F62213F31000B1E9F9 /* HYBaseNavigationController.m in Sources */,
				7AD383F92213F3D700B1E9F9 /* HYEncryptTool.m in Sources */,
				7AD384172213FBF700B1E9F9 /* HYShoppingCartModel.m in Sources */,
			);
			runOnlyForDeploymentPostprocessing = 0;
		};
		7AD383C42213C1DD00B1E9F9 /* Sources */ = {
			isa = PBXSourcesBuildPhase;
			buildActionMask = 2147483647;
			files = (
				7AD383CD2213C1DD00B1E9F9 /* Adonis_20190213_MVPTests.m in Sources */,
			);
			runOnlyForDeploymentPostprocessing = 0;
		};
		7AD383CF2213C1DD00B1E9F9 /* Sources */ = {
			isa = PBXSourcesBuildPhase;
			buildActionMask = 2147483647;
			files = (
				7AD383D82213C1DD00B1E9F9 /* Adonis_20190213_MVPUITests.m in Sources */,
			);
			runOnlyForDeploymentPostprocessing = 0;
		};
/* End PBXSourcesBuildPhase section */

/* Begin PBXTargetDependency section */
		7AD383CA2213C1DD00B1E9F9 /* PBXTargetDependency */ = {
			isa = PBXTargetDependency;
			target = 7AD383AC2213C1DB00B1E9F9 /* Adonis_20190213_MVP */;
			targetProxy = 7AD383C92213C1DD00B1E9F9 /* PBXContainerItemProxy */;
		};
		7AD383D52213C1DD00B1E9F9 /* PBXTargetDependency */ = {
			isa = PBXTargetDependency;
			target = 7AD383AC2213C1DB00B1E9F9 /* Adonis_20190213_MVP */;
			targetProxy = 7AD383D42213C1DD00B1E9F9 /* PBXContainerItemProxy */;
		};
/* End PBXTargetDependency section */

/* Begin PBXVariantGroup section */
		7AD383B62213C1DC00B1E9F9 /* Main.storyboard */ = {
			isa = PBXVariantGroup;
			children = (
				7AD383B72213C1DC00B1E9F9 /* Base */,
			);
			name = Main.storyboard;
			sourceTree = "<group>";
		};
		7AD383BE2213C1DD00B1E9F9 /* LaunchScreen.storyboard */ = {
			isa = PBXVariantGroup;
			children = (
				7AD383BF2213C1DD00B1E9F9 /* Base */,
			);
			name = LaunchScreen.storyboard;
			sourceTree = "<group>";
		};
/* End PBXVariantGroup section */

/* Begin XCBuildConfiguration section */
		7AD383DA2213C1DD00B1E9F9 /* Debug */ = {
			isa = XCBuildConfiguration;
			buildSettings = {
				ALWAYS_SEARCH_USER_PATHS = NO;
				CLANG_ANALYZER_NONNULL = YES;
				CLANG_ANALYZER_NUMBER_OBJECT_CONVERSION = YES_AGGRESSIVE;
				CLANG_CXX_LANGUAGE_STANDARD = "gnu++14";
				CLANG_CXX_LIBRARY = "libc++";
				CLANG_ENABLE_MODULES = YES;
				CLANG_ENABLE_OBJC_ARC = YES;
				CLANG_ENABLE_OBJC_WEAK = YES;
				CLANG_WARN_BLOCK_CAPTURE_AUTORELEASING = YES;
				CLANG_WARN_BOOL_CONVERSION = YES;
				CLANG_WARN_COMMA = YES;
				CLANG_WARN_CONSTANT_CONVERSION = YES;
				CLANG_WARN_DEPRECATED_OBJC_IMPLEMENTATIONS = YES;
				CLANG_WARN_DIRECT_OBJC_ISA_USAGE = YES_ERROR;
				CLANG_WARN_DOCUMENTATION_COMMENTS = YES;
				CLANG_WARN_EMPTY_BODY = YES;
				CLANG_WARN_ENUM_CONVERSION = YES;
				CLANG_WARN_INFINITE_RECURSION = YES;
				CLANG_WARN_INT_CONVERSION = YES;
				CLANG_WARN_NON_LITERAL_NULL_CONVERSION = YES;
				CLANG_WARN_OBJC_IMPLICIT_RETAIN_SELF = YES;
				CLANG_WARN_OBJC_LITERAL_CONVERSION = YES;
				CLANG_WARN_OBJC_ROOT_CLASS = YES_ERROR;
				CLANG_WARN_RANGE_LOOP_ANALYSIS = YES;
				CLANG_WARN_STRICT_PROTOTYPES = YES;
				CLANG_WARN_SUSPICIOUS_MOVE = YES;
				CLANG_WARN_UNGUARDED_AVAILABILITY = YES_AGGRESSIVE;
				CLANG_WARN_UNREACHABLE_CODE = YES;
				CLANG_WARN__DUPLICATE_METHOD_MATCH = YES;
				CODE_SIGN_IDENTITY = "iPhone Developer";
				COPY_PHASE_STRIP = NO;
				DEBUG_INFORMATION_FORMAT = dwarf;
				ENABLE_STRICT_OBJC_MSGSEND = YES;
				ENABLE_TESTABILITY = YES;
				GCC_C_LANGUAGE_STANDARD = gnu11;
				GCC_DYNAMIC_NO_PIC = NO;
				GCC_NO_COMMON_BLOCKS = YES;
				GCC_OPTIMIZATION_LEVEL = 0;
				GCC_PREPROCESSOR_DEFINITIONS = (
					"DEBUG=1",
					"$(inherited)",
				);
				GCC_WARN_64_TO_32_BIT_CONVERSION = YES;
				GCC_WARN_ABOUT_RETURN_TYPE = YES_ERROR;
				GCC_WARN_UNDECLARED_SELECTOR = YES;
				GCC_WARN_UNINITIALIZED_AUTOS = YES_AGGRESSIVE;
				GCC_WARN_UNUSED_FUNCTION = YES;
				GCC_WARN_UNUSED_VARIABLE = YES;
				IPHONEOS_DEPLOYMENT_TARGET = 12.1;
				MTL_ENABLE_DEBUG_INFO = INCLUDE_SOURCE;
				MTL_FAST_MATH = YES;
				ONLY_ACTIVE_ARCH = YES;
				SDKROOT = iphoneos;
			};
			name = Debug;
		};
		7AD383DB2213C1DD00B1E9F9 /* Release */ = {
			isa = XCBuildConfiguration;
			buildSettings = {
				ALWAYS_SEARCH_USER_PATHS = NO;
				CLANG_ANALYZER_NONNULL = YES;
				CLANG_ANALYZER_NUMBER_OBJECT_CONVERSION = YES_AGGRESSIVE;
				CLANG_CXX_LANGUAGE_STANDARD = "gnu++14";
				CLANG_CXX_LIBRARY = "libc++";
				CLANG_ENABLE_MODULES = YES;
				CLANG_ENABLE_OBJC_ARC = YES;
				CLANG_ENABLE_OBJC_WEAK = YES;
				CLANG_WARN_BLOCK_CAPTURE_AUTORELEASING = YES;
				CLANG_WARN_BOOL_CONVERSION = YES;
				CLANG_WARN_COMMA = YES;
				CLANG_WARN_CONSTANT_CONVERSION = YES;
				CLANG_WARN_DEPRECATED_OBJC_IMPLEMENTATIONS = YES;
				CLANG_WARN_DIRECT_OBJC_ISA_USAGE = YES_ERROR;
				CLANG_WARN_DOCUMENTATION_COMMENTS = YES;
				CLANG_WARN_EMPTY_BODY = YES;
				CLANG_WARN_ENUM_CONVERSION = YES;
				CLANG_WARN_INFINITE_RECURSION = YES;
				CLANG_WARN_INT_CONVERSION = YES;
				CLANG_WARN_NON_LITERAL_NULL_CONVERSION = YES;
				CLANG_WARN_OBJC_IMPLICIT_RETAIN_SELF = YES;
				CLANG_WARN_OBJC_LITERAL_CONVERSION = YES;
				CLANG_WARN_OBJC_ROOT_CLASS = YES_ERROR;
				CLANG_WARN_RANGE_LOOP_ANALYSIS = YES;
				CLANG_WARN_STRICT_PROTOTYPES = YES;
				CLANG_WARN_SUSPICIOUS_MOVE = YES;
				CLANG_WARN_UNGUARDED_AVAILABILITY = YES_AGGRESSIVE;
				CLANG_WARN_UNREACHABLE_CODE = YES;
				CLANG_WARN__DUPLICATE_METHOD_MATCH = YES;
				CODE_SIGN_IDENTITY = "iPhone Developer";
				COPY_PHASE_STRIP = NO;
				DEBUG_INFORMATION_FORMAT = "dwarf-with-dsym";
				ENABLE_NS_ASSERTIONS = NO;
				ENABLE_STRICT_OBJC_MSGSEND = YES;
				GCC_C_LANGUAGE_STANDARD = gnu11;
				GCC_NO_COMMON_BLOCKS = YES;
				GCC_WARN_64_TO_32_BIT_CONVERSION = YES;
				GCC_WARN_ABOUT_RETURN_TYPE = YES_ERROR;
				GCC_WARN_UNDECLARED_SELECTOR = YES;
				GCC_WARN_UNINITIALIZED_AUTOS = YES_AGGRESSIVE;
				GCC_WARN_UNUSED_FUNCTION = YES;
				GCC_WARN_UNUSED_VARIABLE = YES;
				IPHONEOS_DEPLOYMENT_TARGET = 12.1;
				MTL_ENABLE_DEBUG_INFO = NO;
				MTL_FAST_MATH = YES;
				SDKROOT = iphoneos;
				VALIDATE_PRODUCT = YES;
			};
			name = Release;
		};
		7AD383DD2213C1DD00B1E9F9 /* Debug */ = {
			isa = XCBuildConfiguration;
			baseConfigurationReference = 6F61B20B857178DDD835F5C9 /* Pods-Adonis_20190213_MVP.debug.xcconfig */;
			buildSettings = {
				ASSETCATALOG_COMPILER_APPICON_NAME = AppIcon;
				CODE_SIGN_STYLE = Automatic;
				DEVELOPMENT_TEAM = N2KQ965WEJ;
				GCC_PREFIX_HEADER = "$(SRCROOT)/Adonis_20190213_MVP/Resources/HYHeaderPrefix.h";
				INFOPLIST_FILE = Adonis_20190213_MVP/Info.plist;
				IPHONEOS_DEPLOYMENT_TARGET = 10.0;
				LD_RUNPATH_SEARCH_PATHS = (
					"$(inherited)",
					"@executable_path/Frameworks",
				);
				PRODUCT_BUNDLE_IDENTIFIER = "cn.com.nikoyo.www.Adonis-20190213-MVP";
				PRODUCT_NAME = "$(TARGET_NAME)";
				TARGETED_DEVICE_FAMILY = "1,2";
				USER_HEADER_SEARCH_PATHS = "$(PODS_ROOT)";
			};
			name = Debug;
		};
		7AD383DE2213C1DD00B1E9F9 /* Release */ = {
			isa = XCBuildConfiguration;
			baseConfigurationReference = C681991829E45F75AAD245FE /* Pods-Adonis_20190213_MVP.release.xcconfig */;
			buildSettings = {
				ASSETCATALOG_COMPILER_APPICON_NAME = AppIcon;
				CODE_SIGN_STYLE = Automatic;
				DEVELOPMENT_TEAM = N2KQ965WEJ;
				GCC_PREFIX_HEADER = "$(SRCROOT)/Adonis_20190213_MVP/Resources/HYHeaderPrefix.h";
				INFOPLIST_FILE = Adonis_20190213_MVP/Info.plist;
				IPHONEOS_DEPLOYMENT_TARGET = 10.0;
				LD_RUNPATH_SEARCH_PATHS = (
					"$(inherited)",
					"@executable_path/Frameworks",
				);
				PRODUCT_BUNDLE_IDENTIFIER = "cn.com.nikoyo.www.Adonis-20190213-MVP";
				PRODUCT_NAME = "$(TARGET_NAME)";
				TARGETED_DEVICE_FAMILY = "1,2";
				USER_HEADER_SEARCH_PATHS = "$(PODS_ROOT)";
			};
			name = Release;
		};
		7AD383E02213C1DD00B1E9F9 /* Debug */ = {
			isa = XCBuildConfiguration;
			baseConfigurationReference = 26D9C915E485CF3CE8E6274B /* Pods-Adonis_20190213_MVPTests.debug.xcconfig */;
			buildSettings = {
				BUNDLE_LOADER = "$(TEST_HOST)";
				CODE_SIGN_STYLE = Automatic;
				DEVELOPMENT_TEAM = N2KQ965WEJ;
				INFOPLIST_FILE = Adonis_20190213_MVPTests/Info.plist;
				LD_RUNPATH_SEARCH_PATHS = (
					"$(inherited)",
					"@executable_path/Frameworks",
					"@loader_path/Frameworks",
				);
				PRODUCT_BUNDLE_IDENTIFIER = "cn.com.nikoyo.www.Adonis-20190213-MVPTests";
				PRODUCT_NAME = "$(TARGET_NAME)";
				TARGETED_DEVICE_FAMILY = "1,2";
				TEST_HOST = "$(BUILT_PRODUCTS_DIR)/Adonis_20190213_MVP.app/Adonis_20190213_MVP";
			};
			name = Debug;
		};
		7AD383E12213C1DD00B1E9F9 /* Release */ = {
			isa = XCBuildConfiguration;
			baseConfigurationReference = 8295E1583689B7380FED75ED /* Pods-Adonis_20190213_MVPTests.release.xcconfig */;
			buildSettings = {
				BUNDLE_LOADER = "$(TEST_HOST)";
				CODE_SIGN_STYLE = Automatic;
				DEVELOPMENT_TEAM = N2KQ965WEJ;
				INFOPLIST_FILE = Adonis_20190213_MVPTests/Info.plist;
				LD_RUNPATH_SEARCH_PATHS = (
					"$(inherited)",
					"@executable_path/Frameworks",
					"@loader_path/Frameworks",
				);
				PRODUCT_BUNDLE_IDENTIFIER = "cn.com.nikoyo.www.Adonis-20190213-MVPTests";
				PRODUCT_NAME = "$(TARGET_NAME)";
				TARGETED_DEVICE_FAMILY = "1,2";
				TEST_HOST = "$(BUILT_PRODUCTS_DIR)/Adonis_20190213_MVP.app/Adonis_20190213_MVP";
			};
			name = Release;
		};
		7AD383E32213C1DD00B1E9F9 /* Debug */ = {
			isa = XCBuildConfiguration;
			baseConfigurationReference = 0ED4D3197469F07BBFEEE1DD /* Pods-Adonis_20190213_MVPUITests.debug.xcconfig */;
			buildSettings = {
				CODE_SIGN_STYLE = Automatic;
				DEVELOPMENT_TEAM = N2KQ965WEJ;
				INFOPLIST_FILE = Adonis_20190213_MVPUITests/Info.plist;
				LD_RUNPATH_SEARCH_PATHS = (
					"$(inherited)",
					"@executable_path/Frameworks",
					"@loader_path/Frameworks",
				);
				PRODUCT_BUNDLE_IDENTIFIER = "cn.com.nikoyo.www.Adonis-20190213-MVPUITests";
				PRODUCT_NAME = "$(TARGET_NAME)";
				TARGETED_DEVICE_FAMILY = "1,2";
				TEST_TARGET_NAME = Adonis_20190213_MVP;
			};
			name = Debug;
		};
		7AD383E42213C1DD00B1E9F9 /* Release */ = {
			isa = XCBuildConfiguration;
			baseConfigurationReference = D6C626EA566A9B6CC7FCD8E5 /* Pods-Adonis_20190213_MVPUITests.release.xcconfig */;
			buildSettings = {
				CODE_SIGN_STYLE = Automatic;
				DEVELOPMENT_TEAM = N2KQ965WEJ;
				INFOPLIST_FILE = Adonis_20190213_MVPUITests/Info.plist;
				LD_RUNPATH_SEARCH_PATHS = (
					"$(inherited)",
					"@executable_path/Frameworks",
					"@loader_path/Frameworks",
				);
				PRODUCT_BUNDLE_IDENTIFIER = "cn.com.nikoyo.www.Adonis-20190213-MVPUITests";
				PRODUCT_NAME = "$(TARGET_NAME)";
				TARGETED_DEVICE_FAMILY = "1,2";
				TEST_TARGET_NAME = Adonis_20190213_MVP;
			};
			name = Release;
		};
/* End XCBuildConfiguration section */

/* Begin XCConfigurationList section */
		7AD383A82213C1DB00B1E9F9 /* Build configuration list for PBXProject "Adonis_20190213_MVP" */ = {
			isa = XCConfigurationList;
			buildConfigurations = (
				7AD383DA2213C1DD00B1E9F9 /* Debug */,
				7AD383DB2213C1DD00B1E9F9 /* Release */,
			);
			defaultConfigurationIsVisible = 0;
			defaultConfigurationName = Release;
		};
		7AD383DC2213C1DD00B1E9F9 /* Build configuration list for PBXNativeTarget "Adonis_20190213_MVP" */ = {
			isa = XCConfigurationList;
			buildConfigurations = (
				7AD383DD2213C1DD00B1E9F9 /* Debug */,
				7AD383DE2213C1DD00B1E9F9 /* Release */,
			);
			defaultConfigurationIsVisible = 0;
			defaultConfigurationName = Release;
		};
		7AD383DF2213C1DD00B1E9F9 /* Build configuration list for PBXNativeTarget "Adonis_20190213_MVPTests" */ = {
			isa = XCConfigurationList;
			buildConfigurations = (
				7AD383E02213C1DD00B1E9F9 /* Debug */,
				7AD383E12213C1DD00B1E9F9 /* Release */,
			);
			defaultConfigurationIsVisible = 0;
			defaultConfigurationName = Release;
		};
		7AD383E22213C1DD00B1E9F9 /* Build configuration list for PBXNativeTarget "Adonis_20190213_MVPUITests" */ = {
			isa = XCConfigurationList;
			buildConfigurations = (
				7AD383E32213C1DD00B1E9F9 /* Debug */,
				7AD383E42213C1DD00B1E9F9 /* Release */,
			);
			defaultConfigurationIsVisible = 0;
			defaultConfigurationName = Release;
		};
/* End XCConfigurationList section */

/* Begin XCVersionGroup section */
		7AD383B92213C1DC00B1E9F9 /* Adonis_20190213_MVP.xcdatamodeld */ = {
			isa = XCVersionGroup;
			children = (
				7AD383BA2213C1DC00B1E9F9 /* Adonis_20190213_MVP.xcdatamodel */,
			);
			currentVersion = 7AD383BA2213C1DC00B1E9F9 /* Adonis_20190213_MVP.xcdatamodel */;
			path = Adonis_20190213_MVP.xcdatamodeld;
			sourceTree = "<group>";
			versionGroupType = wrapper.xcdatamodel;
		};
/* End XCVersionGroup section */
	};
	rootObject = 7AD383A52213C1DB00B1E9F9 /* Project object */;
}
